
Microsoft Visual Studio Solution File, Format Version 12.00
# Visual Studio Version 17
VisualStudioVersion = 17.5.33530.505
MinimumVisualStudioVersion = 10.0.40219.1
Project("{FAE04EC0-301F-11D3-BF4B-00C04F79EFBC}") = "HomeWorkExc1", "HomeWorkExc1\HomeWorkExc1.csproj", "{D975844B-4328-4164-BCB0-566BDDEE6F88}"
EndProject
Global
	GlobalSection(SolutionConfigurationPlatforms) = preSolution
		Debug|Any CPU = Debug|Any CPU
		Release|Any CPU = Release|Any CPU
	EndGlobalSection
	GlobalSection(ProjectConfigurationPlatforms) = postSolution
		{D975844B-4328-4164-BCB0-566BDDEE6F88}.Debug|Any CPU.ActiveCfg = Debug|Any CPU
		{D975844B-4328-4164-BCB0-566BDDEE6F88}.Debug|Any CPU.Build.0 = Debug|Any CPU
		{D975844B-4328-4164-BCB0-566BDDEE6F88}.Release|Any CPU.ActiveCfg = Release|Any CPU
		{D975844B-4328-4164-BCB0-566BDDEE6F88}.Release|Any CPU.Build.0 = Release|Any CPU
	EndGlobalSection
	GlobalSection(SolutionProperties) = preSolution
		HideSolutionNode = FALSE
	EndGlobalSection
	GlobalSection(ExtensibilityGlobals) = postSolution
		SolutionGuid = {FE74D446-8A59-451A-BD47-CD98291DFA49}
	EndGlobalSection
EndGlobal
