
Microsoft Visual Studio Solution File, Format Version 12.00
# Visual Studio Version 17
VisualStudioVersion = 17.5.33530.505
MinimumVisualStudioVersion = 10.0.40219.1
Project("{FAE04EC0-301F-11D3-BF4B-00C04F79EFBC}") = "HomeWorkExc2", "HomeWorkExc2\HomeWorkExc2.csproj", "{1F449AB1-6FD1-43CF-A584-7091779863E1}"
EndProject
Global
	GlobalSection(SolutionConfigurationPlatforms) = preSolution
		Debug|Any CPU = Debug|Any CPU
		Release|Any CPU = Release|Any CPU
	EndGlobalSection
	GlobalSection(ProjectConfigurationPlatforms) = postSolution
		{1F449AB1-6FD1-43CF-A584-7091779863E1}.Debug|Any CPU.ActiveCfg = Debug|Any CPU
		{1F449AB1-6FD1-43CF-A584-7091779863E1}.Debug|Any CPU.Build.0 = Debug|Any CPU
		{1F449AB1-6FD1-43CF-A584-7091779863E1}.Release|Any CPU.ActiveCfg = Release|Any CPU
		{1F449AB1-6FD1-43CF-A584-7091779863E1}.Release|Any CPU.Build.0 = Release|Any CPU
	EndGlobalSection
	GlobalSection(SolutionProperties) = preSolution
		HideSolutionNode = FALSE
	EndGlobalSection
	GlobalSection(ExtensibilityGlobals) = postSolution
		SolutionGuid = {E77A12EC-C7C8-4810-BB5B-75C67D8E0079}
	EndGlobalSection
EndGlobal
